// !$*UTF8*$!
{
	archiveVersion = 1;
	classes = {
	};
	objectVersion = 55;
	objects = {

/* Begin PBXBuildFile section */
		B2366D4527DE5A4C008B0B3E /* FAQ.swift in Sources */ = {isa = PBXBuildFile; fileRef = B2366D4427DE5A4C008B0B3E /* FAQ.swift */; };
		B2366D4827DE5AA1008B0B3E /* faqData.json in Resources */ = {isa = PBXBuildFile; fileRef = B2366D4727DE5AA1008B0B3E /* faqData.json */; };
		B2366D4A27DE5B30008B0B3E /* ModelData.swift in Sources */ = {isa = PBXBuildFile; fileRef = B2366D4927DE5B30008B0B3E /* ModelData.swift */; };
		B2366D4C27DE5CFE008B0B3E /* FAQRow.swift in Sources */ = {isa = PBXBuildFile; fileRef = B2366D4B27DE5CFE008B0B3E /* FAQRow.swift */; };
		B2366D4F27DE5F2A008B0B3E /* PrimaryButton.swift in Sources */ = {isa = PBXBuildFile; fileRef = B2366D4E27DE5F2A008B0B3E /* PrimaryButton.swift */; };
		B2366D5127DE611C008B0B3E /* Extensions.swift in Sources */ = {isa = PBXBuildFile; fileRef = B2366D5027DE611C008B0B3E /* Extensions.swift */; };
		B283B3A027C12DCE00A28F55 /* AccountBackground.swift in Sources */ = {isa = PBXBuildFile; fileRef = B283B39E27C12DCE00A28F55 /* AccountBackground.swift */; };
		B283B3A127C12DCE00A28F55 /* VisualEffectBlur.swift in Sources */ = {isa = PBXBuildFile; fileRef = B283B39F27C12DCE00A28F55 /* VisualEffectBlur.swift */; };
		B283B3A327C1331700A28F55 /* TrackableScrollView.swift in Sources */ = {isa = PBXBuildFile; fileRef = B283B3A227C1331700A28F55 /* TrackableScrollView.swift */; };
		B283B3A527C1371700A28F55 /* MenuRow.swift in Sources */ = {isa = PBXBuildFile; fileRef = B283B3A427C1371700A28F55 /* MenuRow.swift */; };
		B283B3A727C13BA400A28F55 /* GradientIcon.swift in Sources */ = {isa = PBXBuildFile; fileRef = B283B3A627C13BA400A28F55 /* GradientIcon.swift */; };
		B28915A627C1135C00AF4CB1 /* SwiftUICombineApp.swift in Sources */ = {isa = PBXBuildFile; fileRef = B28915A527C1135C00AF4CB1 /* SwiftUICombineApp.swift */; };
		B28915A827C1135C00AF4CB1 /* ContentView.swift in Sources */ = {isa = PBXBuildFile; fileRef = B28915A727C1135C00AF4CB1 /* ContentView.swift */; };
		B28915AA27C1135D00AF4CB1 /* Assets.xcassets in Resources */ = {isa = PBXBuildFile; fileRef = B28915A927C1135D00AF4CB1 /* Assets.xcassets */; };
		B28915AD27C1135D00AF4CB1 /* Preview Assets.xcassets in Resources */ = {isa = PBXBuildFile; fileRef = B28915AC27C1135D00AF4CB1 /* Preview Assets.xcassets */; };
		B2C40F0827C170CD009F9719 /* FAQView.swift in Sources */ = {isa = PBXBuildFile; fileRef = B2C40F0727C170CD009F9719 /* FAQView.swift */; };
		B2C40F0A27C170FD009F9719 /* PackagesView.swift in Sources */ = {isa = PBXBuildFile; fileRef = B2C40F0927C170FD009F9719 /* PackagesView.swift */; };
		B2C40F0C27C17377009F9719 /* Package.swift in Sources */ = {isa = PBXBuildFile; fileRef = B2C40F0B27C17377009F9719 /* Package.swift */; };
		B2C40F0E27C17C5E009F9719 /* PackageRow.swift in Sources */ = {isa = PBXBuildFile; fileRef = B2C40F0D27C17C5E009F9719 /* PackageRow.swift */; };
/* End PBXBuildFile section */

/* Begin PBXFileReference section */
		B2366D4427DE5A4C008B0B3E /* FAQ.swift */ = {isa = PBXFileReference; lastKnownFileType = sourcecode.swift; path = FAQ.swift; sourceTree = "<group>"; };
		B2366D4727DE5AA1008B0B3E /* faqData.json */ = {isa = PBXFileReference; lastKnownFileType = text.json; path = faqData.json; sourceTree = "<group>"; };
		B2366D4927DE5B30008B0B3E /* ModelData.swift */ = {isa = PBXFileReference; lastKnownFileType = sourcecode.swift; path = ModelData.swift; sourceTree = "<group>"; };
		B2366D4B27DE5CFE008B0B3E /* FAQRow.swift */ = {isa = PBXFileReference; lastKnownFileType = sourcecode.swift; path = FAQRow.swift; sourceTree = "<group>"; };
		B2366D4E27DE5F2A008B0B3E /* PrimaryButton.swift */ = {isa = PBXFileReference; lastKnownFileType = sourcecode.swift; path = PrimaryButton.swift; sourceTree = "<group>"; };
		B2366D5027DE611C008B0B3E /* Extensions.swift */ = {isa = PBXFileReference; lastKnownFileType = sourcecode.swift; path = Extensions.swift; sourceTree = "<group>"; };
		B283B39E27C12DCE00A28F55 /* AccountBackground.swift */ = {isa = PBXFileReference; fileEncoding = 4; lastKnownFileType = sourcecode.swift; path = AccountBackground.swift; sourceTree = "<group>"; };
		B283B39F27C12DCE00A28F55 /* VisualEffectBlur.swift */ = {isa = PBXFileReference; fileEncoding = 4; lastKnownFileType = sourcecode.swift; path = VisualEffectBlur.swift; sourceTree = "<group>"; };
		B283B3A227C1331700A28F55 /* TrackableScrollView.swift */ = {isa = PBXFileReference; lastKnownFileType = sourcecode.swift; path = TrackableScrollView.swift; sourceTree = "<group>"; };
		B283B3A427C1371700A28F55 /* MenuRow.swift */ = {isa = PBXFileReference; lastKnownFileType = sourcecode.swift; path = MenuRow.swift; sourceTree = "<group>"; };
		B283B3A627C13BA400A28F55 /* GradientIcon.swift */ = {isa = PBXFileReference; lastKnownFileType = sourcecode.swift; path = GradientIcon.swift; sourceTree = "<group>"; };
		B28915A227C1135C00AF4CB1 /* SwiftUICombine.app */ = {isa = PBXFileReference; explicitFileType = wrapper.application; includeInIndex = 0; path = SwiftUICombine.app; sourceTree = BUILT_PRODUCTS_DIR; };
		B28915A527C1135C00AF4CB1 /* SwiftUICombineApp.swift */ = {isa = PBXFileReference; lastKnownFileType = sourcecode.swift; path = SwiftUICombineApp.swift; sourceTree = "<group>"; };
		B28915A727C1135C00AF4CB1 /* ContentView.swift */ = {isa = PBXFileReference; lastKnownFileType = sourcecode.swift; path = ContentView.swift; sourceTree = "<group>"; };
		B28915A927C1135D00AF4CB1 /* Assets.xcassets */ = {isa = PBXFileReference; lastKnownFileType = folder.assetcatalog; path = Assets.xcassets; sourceTree = "<group>"; };
		B28915AC27C1135D00AF4CB1 /* Preview Assets.xcassets */ = {isa = PBXFileReference; lastKnownFileType = folder.assetcatalog; path = "Preview Assets.xcassets"; sourceTree = "<group>"; };
		B2C40F0727C170CD009F9719 /* FAQView.swift */ = {isa = PBXFileReference; lastKnownFileType = sourcecode.swift; path = FAQView.swift; sourceTree = "<group>"; };
		B2C40F0927C170FD009F9719 /* PackagesView.swift */ = {isa = PBXFileReference; lastKnownFileType = sourcecode.swift; path = PackagesView.swift; sourceTree = "<group>"; };
		B2C40F0B27C17377009F9719 /* Package.swift */ = {isa = PBXFileReference; lastKnownFileType = sourcecode.swift; path = Package.swift; sourceTree = "<group>"; };
		B2C40F0D27C17C5E009F9719 /* PackageRow.swift */ = {isa = PBXFileReference; lastKnownFileType = sourcecode.swift; path = PackageRow.swift; sourceTree = "<group>"; };
/* End PBXFileReference section */

/* Begin PBXFrameworksBuildPhase section */
		B289159F27C1135C00AF4CB1 /* Frameworks */ = {
			isa = PBXFrameworksBuildPhase;
			buildActionMask = 2147483647;
			files = (
			);
			runOnlyForDeploymentPostprocessing = 0;
		};
/* End PBXFrameworksBuildPhase section */

/* Begin PBXGroup section */
		B2366D3E27DE5992008B0B3E /* Models */ = {
			isa = PBXGroup;
			children = (
				B2C40F0B27C17377009F9719 /* Package.swift */,
				B2366D4427DE5A4C008B0B3E /* FAQ.swift */,
			);
			path = Models;
			sourceTree = "<group>";
		};
		B2366D3F27DE59A6008B0B3E /* Components */ = {
			isa = PBXGroup;
			children = (
				B2366D4D27DE5F1C008B0B3E /* Buttons */,
				B2366D4327DE5A20008B0B3E /* Other */,
				B2366D4227DE5A06008B0B3E /* Rows */,
			);
			path = Components;
			sourceTree = "<group>";
		};
		B2366D4027DE59AE008B0B3E /* Utils */ = {
			isa = PBXGroup;
			children = (
				B283B3A227C1331700A28F55 /* TrackableScrollView.swift */,
				B2366D4927DE5B30008B0B3E /* ModelData.swift */,
				B2366D5027DE611C008B0B3E /* Extensions.swift */,
			);
			path = Utils;
			sourceTree = "<group>";
		};
		B2366D4127DE59B8008B0B3E /* Views */ = {
			isa = PBXGroup;
			children = (
				B2C40F0927C170FD009F9719 /* PackagesView.swift */,
				B2C40F0727C170CD009F9719 /* FAQView.swift */,
			);
			path = Views;
			sourceTree = "<group>";
		};
		B2366D4227DE5A06008B0B3E /* Rows */ = {
			isa = PBXGroup;
			children = (
				B283B3A427C1371700A28F55 /* MenuRow.swift */,
				B2C40F0D27C17C5E009F9719 /* PackageRow.swift */,
				B2366D4B27DE5CFE008B0B3E /* FAQRow.swift */,
			);
			path = Rows;
			sourceTree = "<group>";
		};
		B2366D4327DE5A20008B0B3E /* Other */ = {
			isa = PBXGroup;
			children = (
				B283B3A627C13BA400A28F55 /* GradientIcon.swift */,
			);
			path = Other;
			sourceTree = "<group>";
		};
		B2366D4627DE5A89008B0B3E /* Resources */ = {
			isa = PBXGroup;
			children = (
				B2366D4727DE5AA1008B0B3E /* faqData.json */,
			);
			path = Resources;
			sourceTree = "<group>";
		};
		B2366D4D27DE5F1C008B0B3E /* Buttons */ = {
			isa = PBXGroup;
			children = (
				B2366D4E27DE5F2A008B0B3E /* PrimaryButton.swift */,
			);
			path = Buttons;
			sourceTree = "<group>";
		};
		B283B39D27C12DB400A28F55 /* Graphics */ = {
			isa = PBXGroup;
			children = (
				B283B39E27C12DCE00A28F55 /* AccountBackground.swift */,
				B283B39F27C12DCE00A28F55 /* VisualEffectBlur.swift */,
			);
			path = Graphics;
			sourceTree = "<group>";
		};
		B289159927C1135C00AF4CB1 = {
			isa = PBXGroup;
			children = (
				B28915A427C1135C00AF4CB1 /* SwiftUICombine */,
				B28915A327C1135C00AF4CB1 /* Products */,
			);
			sourceTree = "<group>";
		};
		B28915A327C1135C00AF4CB1 /* Products */ = {
			isa = PBXGroup;
			children = (
				B28915A227C1135C00AF4CB1 /* SwiftUICombine.app */,
			);
			name = Products;
			sourceTree = "<group>";
		};
		B28915A427C1135C00AF4CB1 /* SwiftUICombine */ = {
			isa = PBXGroup;
			children = (
				B2366D4627DE5A89008B0B3E /* Resources */,
				B2366D3E27DE5992008B0B3E /* Models */,
				B2366D3F27DE59A6008B0B3E /* Components */,
				B2366D4027DE59AE008B0B3E /* Utils */,
				B2366D4127DE59B8008B0B3E /* Views */,
				B283B39D27C12DB400A28F55 /* Graphics */,
				B28915A527C1135C00AF4CB1 /* SwiftUICombineApp.swift */,
				B28915A727C1135C00AF4CB1 /* ContentView.swift */,
				B28915A927C1135D00AF4CB1 /* Assets.xcassets */,
				B28915AB27C1135D00AF4CB1 /* Preview Content */,
			);
			path = SwiftUICombine;
			sourceTree = "<group>";
		};
		B28915AB27C1135D00AF4CB1 /* Preview Content */ = {
			isa = PBXGroup;
			children = (
				B28915AC27C1135D00AF4CB1 /* Preview Assets.xcassets */,
			);
			path = "Preview Content";
			sourceTree = "<group>";
		};
/* End PBXGroup section */

/* Begin PBXNativeTarget section */
		B28915A127C1135C00AF4CB1 /* SwiftUICombine */ = {
			isa = PBXNativeTarget;
			buildConfigurationList = B28915B027C1135D00AF4CB1 /* Build configuration list for PBXNativeTarget "SwiftUICombine" */;
			buildPhases = (
				B289159E27C1135C00AF4CB1 /* Sources */,
				B289159F27C1135C00AF4CB1 /* Frameworks */,
				B28915A027C1135C00AF4CB1 /* Resources */,
			);
			buildRules = (
			);
			dependencies = (
			);
			name = SwiftUICombine;
			productName = SwiftUICombine;
			productReference = B28915A227C1135C00AF4CB1 /* SwiftUICombine.app */;
			productType = "com.apple.product-type.application";
		};
/* End PBXNativeTarget section */

/* Begin PBXProject section */
		B289159A27C1135C00AF4CB1 /* Project object */ = {
			isa = PBXProject;
			attributes = {
				BuildIndependentTargetsInParallel = 1;
				LastSwiftUpdateCheck = 1320;
				LastUpgradeCheck = 1320;
				TargetAttributes = {
					B28915A127C1135C00AF4CB1 = {
						CreatedOnToolsVersion = 13.2.1;
					};
				};
			};
			buildConfigurationList = B289159D27C1135C00AF4CB1 /* Build configuration list for PBXProject "SwiftUICombine" */;
			compatibilityVersion = "Xcode 13.0";
			developmentRegion = en;
			hasScannedForEncodings = 0;
			knownRegions = (
				en,
				Base,
			);
			mainGroup = B289159927C1135C00AF4CB1;
			productRefGroup = B28915A327C1135C00AF4CB1 /* Products */;
			projectDirPath = "";
			projectRoot = "";
			targets = (
				B28915A127C1135C00AF4CB1 /* SwiftUICombine */,
			);
		};
/* End PBXProject section */

/* Begin PBXResourcesBuildPhase section */
		B28915A027C1135C00AF4CB1 /* Resources */ = {
			isa = PBXResourcesBuildPhase;
			buildActionMask = 2147483647;
			files = (
				B28915AD27C1135D00AF4CB1 /* Preview Assets.xcassets in Resources */,
				B28915AA27C1135D00AF4CB1 /* Assets.xcassets in Resources */,
				B2366D4827DE5AA1008B0B3E /* faqData.json in Resources */,
			);
			runOnlyForDeploymentPostprocessing = 0;
		};
/* End PBXResourcesBuildPhase section */

/* Begin PBXSourcesBuildPhase section */
		B289159E27C1135C00AF4CB1 /* Sources */ = {
			isa = PBXSourcesBuildPhase;
			buildActionMask = 2147483647;
			files = (
				B28915A827C1135C00AF4CB1 /* ContentView.swift in Sources */,
				B2366D4C27DE5CFE008B0B3E /* FAQRow.swift in Sources */,
				B283B3A327C1331700A28F55 /* TrackableScrollView.swift in Sources */,
				B283B3A027C12DCE00A28F55 /* AccountBackground.swift in Sources */,
				B2366D4A27DE5B30008B0B3E /* ModelData.swift in Sources */,
				B2C40F0E27C17C5E009F9719 /* PackageRow.swift in Sources */,
				B2C40F0827C170CD009F9719 /* FAQView.swift in Sources */,
				B2C40F0A27C170FD009F9719 /* PackagesView.swift in Sources */,
				B283B3A727C13BA400A28F55 /* GradientIcon.swift in Sources */,
				B2C40F0C27C17377009F9719 /* Package.swift in Sources */,
				B2366D4527DE5A4C008B0B3E /* FAQ.swift in Sources */,
				B2366D5127DE611C008B0B3E /* Extensions.swift in Sources */,
				B28915A627C1135C00AF4CB1 /* SwiftUICombineApp.swift in Sources */,
				B2366D4F27DE5F2A008B0B3E /* PrimaryButton.swift in Sources */,
				B283B3A127C12DCE00A28F55 /* VisualEffectBlur.swift in Sources */,
				B283B3A527C1371700A28F55 /* MenuRow.swift in Sources */,
			);
			runOnlyForDeploymentPostprocessing = 0;
		};
/* End PBXSourcesBuildPhase section */

/* Begin XCBuildConfiguration section */
		B28915AE27C1135D00AF4CB1 /* Debug */ = {
			isa = XCBuildConfiguration;
			buildSettings = {
				ALWAYS_SEARCH_USER_PATHS = NO;
				CLANG_ANALYZER_NONNULL = YES;
				CLANG_ANALYZER_NUMBER_OBJECT_CONVERSION = YES_AGGRESSIVE;
				CLANG_CXX_LANGUAGE_STANDARD = "gnu++17";
				CLANG_CXX_LIBRARY = "libc++";
				CLANG_ENABLE_MODULES = YES;
				CLANG_ENABLE_OBJC_ARC = YES;
				CLANG_ENABLE_OBJC_WEAK = YES;
				CLANG_WARN_BLOCK_CAPTURE_AUTORELEASING = YES;
				CLANG_WARN_BOOL_CONVERSION = YES;
				CLANG_WARN_COMMA = YES;
				CLANG_WARN_CONSTANT_CONVERSION = YES;
				CLANG_WARN_DEPRECATED_OBJC_IMPLEMENTATIONS = YES;
				CLANG_WARN_DIRECT_OBJC_ISA_USAGE = YES_ERROR;
				CLANG_WARN_DOCUMENTATION_COMMENTS = YES;
				CLANG_WARN_EMPTY_BODY = YES;
				CLANG_WARN_ENUM_CONVERSION = YES;
				CLANG_WARN_INFINITE_RECURSION = YES;
				CLANG_WARN_INT_CONVERSION = YES;
				CLANG_WARN_NON_LITERAL_NULL_CONVERSION = YES;
				CLANG_WARN_OBJC_IMPLICIT_RETAIN_SELF = YES;
				CLANG_WARN_OBJC_LITERAL_CONVERSION = YES;
				CLANG_WARN_OBJC_ROOT_CLASS = YES_ERROR;
				CLANG_WARN_QUOTED_INCLUDE_IN_FRAMEWORK_HEADER = YES;
				CLANG_WARN_RANGE_LOOP_ANALYSIS = YES;
				CLANG_WARN_STRICT_PROTOTYPES = YES;
				CLANG_WARN_SUSPICIOUS_MOVE = YES;
				CLANG_WARN_UNGUARDED_AVAILABILITY = YES_AGGRESSIVE;
				CLANG_WARN_UNREACHABLE_CODE = YES;
				CLANG_WARN__DUPLICATE_METHOD_MATCH = YES;
				COPY_PHASE_STRIP = NO;
				DEBUG_INFORMATION_FORMAT = dwarf;
				ENABLE_STRICT_OBJC_MSGSEND = YES;
				ENABLE_TESTABILITY = YES;
				GCC_C_LANGUAGE_STANDARD = gnu11;
				GCC_DYNAMIC_NO_PIC = NO;
				GCC_NO_COMMON_BLOCKS = YES;
				GCC_OPTIMIZATION_LEVEL = 0;
				GCC_PREPROCESSOR_DEFINITIONS = (
					"DEBUG=1",
					"$(inherited)",
				);
				GCC_WARN_64_TO_32_BIT_CONVERSION = YES;
				GCC_WARN_ABOUT_RETURN_TYPE = YES_ERROR;
				GCC_WARN_UNDECLARED_SELECTOR = YES;
				GCC_WARN_UNINITIALIZED_AUTOS = YES_AGGRESSIVE;
				GCC_WARN_UNUSED_FUNCTION = YES;
				GCC_WARN_UNUSED_VARIABLE = YES;
				IPHONEOS_DEPLOYMENT_TARGET = 15.2;
				MTL_ENABLE_DEBUG_INFO = INCLUDE_SOURCE;
				MTL_FAST_MATH = YES;
				ONLY_ACTIVE_ARCH = YES;
				SDKROOT = iphoneos;
				SWIFT_ACTIVE_COMPILATION_CONDITIONS = DEBUG;
				SWIFT_OPTIMIZATION_LEVEL = "-Onone";
			};
			name = Debug;
		};
		B28915AF27C1135D00AF4CB1 /* Release */ = {
			isa = XCBuildConfiguration;
			buildSettings = {
				ALWAYS_SEARCH_USER_PATHS = NO;
				CLANG_ANALYZER_NONNULL = YES;
				CLANG_ANALYZER_NUMBER_OBJECT_CONVERSION = YES_AGGRESSIVE;
				CLANG_CXX_LANGUAGE_STANDARD = "gnu++17";
				CLANG_CXX_LIBRARY = "libc++";
				CLANG_ENABLE_MODULES = YES;
				CLANG_ENABLE_OBJC_ARC = YES;
				CLANG_ENABLE_OBJC_WEAK = YES;
				CLANG_WARN_BLOCK_CAPTURE_AUTORELEASING = YES;
				CLANG_WARN_BOOL_CONVERSION = YES;
				CLANG_WARN_COMMA = YES;
				CLANG_WARN_CONSTANT_CONVERSION = YES;
				CLANG_WARN_DEPRECATED_OBJC_IMPLEMENTATIONS = YES;
				CLANG_WARN_DIRECT_OBJC_ISA_USAGE = YES_ERROR;
				CLANG_WARN_DOCUMENTATION_COMMENTS = YES;
				CLANG_WARN_EMPTY_BODY = YES;
				CLANG_WARN_ENUM_CONVERSION = YES;
				CLANG_WARN_INFINITE_RECURSION = YES;
				CLANG_WARN_INT_CONVERSION = YES;
				CLANG_WARN_NON_LITERAL_NULL_CONVERSION = YES;
				CLANG_WARN_OBJC_IMPLICIT_RETAIN_SELF = YES;
				CLANG_WARN_OBJC_LITERAL_CONVERSION = YES;
				CLANG_WARN_OBJC_ROOT_CLASS = YES_ERROR;
				CLANG_WARN_QUOTED_INCLUDE_IN_FRAMEWORK_HEADER = YES;
				CLANG_WARN_RANGE_LOOP_ANALYSIS = YES;
				CLANG_WARN_STRICT_PROTOTYPES = YES;
				CLANG_WARN_SUSPICIOUS_MOVE = YES;
				CLANG_WARN_UNGUARDED_AVAILABILITY = YES_AGGRESSIVE;
				CLANG_WARN_UNREACHABLE_CODE = YES;
				CLANG_WARN__DUPLICATE_METHOD_MATCH = YES;
				COPY_PHASE_STRIP = NO;
				DEBUG_INFORMATION_FORMAT = "dwarf-with-dsym";
				ENABLE_NS_ASSERTIONS = NO;
				ENABLE_STRICT_OBJC_MSGSEND = YES;
				GCC_C_LANGUAGE_STANDARD = gnu11;
				GCC_NO_COMMON_BLOCKS = YES;
				GCC_WARN_64_TO_32_BIT_CONVERSION = YES;
				GCC_WARN_ABOUT_RETURN_TYPE = YES_ERROR;
				GCC_WARN_UNDECLARED_SELECTOR = YES;
				GCC_WARN_UNINITIALIZED_AUTOS = YES_AGGRESSIVE;
				GCC_WARN_UNUSED_FUNCTION = YES;
				GCC_WARN_UNUSED_VARIABLE = YES;
				IPHONEOS_DEPLOYMENT_TARGET = 15.2;
				MTL_ENABLE_DEBUG_INFO = NO;
				MTL_FAST_MATH = YES;
				SDKROOT = iphoneos;
				SWIFT_COMPILATION_MODE = wholemodule;
				SWIFT_OPTIMIZATION_LEVEL = "-O";
				VALIDATE_PRODUCT = YES;
			};
			name = Release;
		};
		B28915B127C1135D00AF4CB1 /* Debug */ = {
			isa = XCBuildConfiguration;
			buildSettings = {
				ASSETCATALOG_COMPILER_APPICON_NAME = AppIcon;
				ASSETCATALOG_COMPILER_GLOBAL_ACCENT_COLOR_NAME = AccentColor;
				CODE_SIGN_STYLE = Automatic;
				CURRENT_PROJECT_VERSION = 1;
				DEVELOPMENT_ASSET_PATHS = "\"SwiftUICombine/Preview Content\"";
				DEVELOPMENT_TEAM = 955TU6L58K;
				ENABLE_PREVIEWS = YES;
				GENERATE_INFOPLIST_FILE = YES;
				INFOPLIST_KEY_UIApplicationSceneManifest_Generation = YES;
				INFOPLIST_KEY_UIApplicationSupportsIndirectInputEvents = YES;
				INFOPLIST_KEY_UILaunchScreen_Generation = YES;
				INFOPLIST_KEY_UISupportedInterfaceOrientations_iPad = "UIInterfaceOrientationPortrait UIInterfaceOrientationPortraitUpsideDown UIInterfaceOrientationLandscapeLeft UIInterfaceOrientationLandscapeRight";
				INFOPLIST_KEY_UISupportedInterfaceOrientations_iPhone = "UIInterfaceOrientationPortrait UIInterfaceOrientationLandscapeLeft UIInterfaceOrientationLandscapeRight";
				LD_RUNPATH_SEARCH_PATHS = (
					"$(inherited)",
					"@executable_path/Frameworks",
				);
				MARKETING_VERSION = 1.0;
				PRODUCT_BUNDLE_IDENTIFIER = com.alexeyguz.SwiftUICombine;
				PRODUCT_NAME = "$(TARGET_NAME)";
				SWIFT_EMIT_LOC_STRINGS = YES;
				SWIFT_VERSION = 5.0;
				TARGETED_DEVICE_FAMILY = "1,2";
			};
			name = Debug;
		};
		B28915B227C1135D00AF4CB1 /* Release */ = {
			isa = XCBuildConfiguration;
			buildSettings = {
				ASSETCATALOG_COMPILER_APPICON_NAME = AppIcon;
				ASSETCATALOG_COMPILER_GLOBAL_ACCENT_COLOR_NAME = AccentColor;
				CODE_SIGN_STYLE = Automatic;
				CURRENT_PROJECT_VERSION = 1;
				DEVELOPMENT_ASSET_PATHS = "\"SwiftUICombine/Preview Content\"";
				DEVELOPMENT_TEAM = 955TU6L58K;
				ENABLE_PREVIEWS = YES;
				GENERATE_INFOPLIST_FILE = YES;
				INFOPLIST_KEY_UIApplicationSceneManifest_Generation = YES;
				INFOPLIST_KEY_UIApplicationSupportsIndirectInputEvents = YES;
				INFOPLIST_KEY_UILaunchScreen_Generation = YES;
				INFOPLIST_KEY_UISupportedInterfaceOrientations_iPad = "UIInterfaceOrientationPortrait UIInterfaceOrientationPortraitUpsideDown UIInterfaceOrientationLandscapeLeft UIInterfaceOrientationLandscapeRight";
				INFOPLIST_KEY_UISupportedInterfaceOrientations_iPhone = "UIInterfaceOrientationPortrait UIInterfaceOrientationLandscapeLeft UIInterfaceOrientationLandscapeRight";
				LD_RUNPATH_SEARCH_PATHS = (
					"$(inherited)",
					"@executable_path/Frameworks",
				);
				MARKETING_VERSION = 1.0;
				PRODUCT_BUNDLE_IDENTIFIER = com.alexeyguz.SwiftUICombine;
				PRODUCT_NAME = "$(TARGET_NAME)";
				SWIFT_EMIT_LOC_STRINGS = YES;
				SWIFT_VERSION = 5.0;
				TARGETED_DEVICE_FAMILY = "1,2";
			};
			name = Release;
		};
/* End XCBuildConfiguration section */

/* Begin XCConfigurationList section */
		B289159D27C1135C00AF4CB1 /* Build configuration list for PBXProject "SwiftUICombine" */ = {
			isa = XCConfigurationList;
			buildConfigurations = (
				B28915AE27C1135D00AF4CB1 /* Debug */,
				B28915AF27C1135D00AF4CB1 /* Release */,
			);
			defaultConfigurationIsVisible = 0;
			defaultConfigurationName = Release;
		};
		B28915B027C1135D00AF4CB1 /* Build configuration list for PBXNativeTarget "SwiftUICombine" */ = {
			isa = XCConfigurationList;
			buildConfigurations = (
				B28915B127C1135D00AF4CB1 /* Debug */,
				B28915B227C1135D00AF4CB1 /* Release */,
			);
			defaultConfigurationIsVisible = 0;
			defaultConfigurationName = Release;
		};
/* End XCConfigurationList section */
	};
	rootObject = B289159A27C1135C00AF4CB1 /* Project object */;
}
